
Microsoft Visual Studio Solution File, Format Version 11.00
# Visual Studio 2010
Project("{2150E333-8FDC-42A3-9474-1A3956D46DE8}") = "Libraries", "Libraries", "{A409933E-BD42-4B79-9013-88BBCBA8346F}"
	ProjectSection(SolutionItems) = preProject
		Libraries\0Harmony.dll = Libraries\0Harmony.dll
		Libraries\0Harmony.xml = Libraries\0Harmony.xml
		Libraries\Assembly-CSharp.dll = Libraries\Assembly-CSharp.dll
		Libraries\UnityEngine.AudioModule.dll = Libraries\UnityEngine.AudioModule.dll
		Libraries\UnityEngine.AudioModule.xml = Libraries\UnityEngine.AudioModule.xml
		Libraries\UnityEngine.CoreModule.dll = Libraries\UnityEngine.CoreModule.dll
		Libraries\UnityEngine.CoreModule.xml = Libraries\UnityEngine.CoreModule.xml
		Libraries\UnityEngine.dll = Libraries\UnityEngine.dll
		Libraries\UnityEngine.IMGUIModule.dll = Libraries\UnityEngine.IMGUIModule.dll
		Libraries\UnityEngine.IMGUIModule.xml = Libraries\UnityEngine.IMGUIModule.xml
		Libraries\UnityEngine.UI.dll = Libraries\UnityEngine.UI.dll
		Libraries\UnityModManager.dll = Libraries\UnityModManager.dll
		Libraries\UnityModManager.xml = Libraries\UnityModManager.xml
	EndProjectSection
EndProject
Project("{FAE04EC0-301F-11D3-BF4B-00C04F79EFBC}") = "IndependentPause", "IndependentPause\IndependentPause.csproj", "{CA5CF40A-4E1F-456A-AD7C-FB3BF038B9C2}"
EndProject
Project("{FAE04EC0-301F-11D3-BF4B-00C04F79EFBC}") = "MoreInputKeys", "MoreInputKeys\MoreInputKeys.csproj", "{B7126C79-ED4F-46A6-A604-33105224933E}"
EndProject
Project("{FAE04EC0-301F-11D3-BF4B-00C04F79EFBC}") = "CameraHigh", "CameraHigh\CameraHigh.csproj", "{B753A5CC-3991-4888-ABFB-E25591CDB4A9}"
EndProject
Global
	GlobalSection(SolutionConfigurationPlatforms) = preSolution
		Debug|Any CPU = Debug|Any CPU
		Release|Any CPU = Release|Any CPU
	EndGlobalSection
	GlobalSection(ProjectConfigurationPlatforms) = postSolution
		{CA5CF40A-4E1F-456A-AD7C-FB3BF038B9C2}.Debug|Any CPU.ActiveCfg = Debug|Any CPU
		{CA5CF40A-4E1F-456A-AD7C-FB3BF038B9C2}.Debug|Any CPU.Build.0 = Debug|Any CPU
		{CA5CF40A-4E1F-456A-AD7C-FB3BF038B9C2}.Release|Any CPU.ActiveCfg = Release|Any CPU
		{CA5CF40A-4E1F-456A-AD7C-FB3BF038B9C2}.Release|Any CPU.Build.0 = Release|Any CPU
		{B7126C79-ED4F-46A6-A604-33105224933E}.Debug|Any CPU.ActiveCfg = Debug|Any CPU
		{B7126C79-ED4F-46A6-A604-33105224933E}.Debug|Any CPU.Build.0 = Debug|Any CPU
		{B7126C79-ED4F-46A6-A604-33105224933E}.Release|Any CPU.ActiveCfg = Release|Any CPU
		{B7126C79-ED4F-46A6-A604-33105224933E}.Release|Any CPU.Build.0 = Release|Any CPU
		{B753A5CC-3991-4888-ABFB-E25591CDB4A9}.Debug|Any CPU.ActiveCfg = Debug|Any CPU
		{B753A5CC-3991-4888-ABFB-E25591CDB4A9}.Debug|Any CPU.Build.0 = Debug|Any CPU
		{B753A5CC-3991-4888-ABFB-E25591CDB4A9}.Release|Any CPU.ActiveCfg = Release|Any CPU
		{B753A5CC-3991-4888-ABFB-E25591CDB4A9}.Release|Any CPU.Build.0 = Release|Any CPU
	EndGlobalSection
	GlobalSection(SolutionProperties) = preSolution
		HideSolutionNode = FALSE
	EndGlobalSection
EndGlobal
