
Microsoft Visual Studio Solution File, Format Version 11.00
# Visual Studio 2010
Project("{2150E333-8FDC-42A3-9474-1A3956D46DE8}") = "Libraries", "Libraries", "{A409933E-BD42-4B79-9013-88BBCBA8346F}"
	ProjectSection(SolutionItems) = preProject
		Libraries\0Harmony.dll = Libraries\0Harmony.dll
		Libraries\0Harmony.xml = Libraries\0Harmony.xml
		Libraries\Assembly-CSharp.dll = Libraries\Assembly-CSharp.dll
		Libraries\UnityEngine.CoreModule.dll = Libraries\UnityEngine.CoreModule.dll
		Libraries\UnityEngine.dll = Libraries\UnityEngine.dll
		Libraries\UnityEngine.IMGUIModule.dll = Libraries\UnityEngine.IMGUIModule.dll
		Libraries\UnityEngine.UI.dll = Libraries\UnityEngine.UI.dll
		Libraries\UnityModManager.dll = Libraries\UnityModManager.dll
	EndProjectSection
EndProject
Project("{FAE04EC0-301F-11D3-BF4B-00C04F79EFBC}") = "MoreInputKeys", "MoreInputKeys\MoreInputKeys.csproj", "{B7126C79-ED4F-46A6-A604-33105224933E}"
EndProject
Global
	GlobalSection(SolutionConfigurationPlatforms) = preSolution
		Debug|Any CPU = Debug|Any CPU
		Release|Any CPU = Release|Any CPU
	EndGlobalSection
	GlobalSection(ProjectConfigurationPlatforms) = postSolution
		{B7126C79-ED4F-46A6-A604-33105224933E}.Debug|Any CPU.ActiveCfg = Debug|Any CPU
		{B7126C79-ED4F-46A6-A604-33105224933E}.Debug|Any CPU.Build.0 = Debug|Any CPU
		{B7126C79-ED4F-46A6-A604-33105224933E}.Release|Any CPU.ActiveCfg = Release|Any CPU
		{B7126C79-ED4F-46A6-A604-33105224933E}.Release|Any CPU.Build.0 = Release|Any CPU
	EndGlobalSection
	GlobalSection(SolutionProperties) = preSolution
		HideSolutionNode = FALSE
	EndGlobalSection
EndGlobal
